
Microsoft Visual Studio Solution File, Format Version 12.00
# Visual Studio Version 17
VisualStudioVersion = 17.13.35825.156 d17.13
MinimumVisualStudioVersion = 10.0.40219.1
Project("{FAE04EC0-301F-11D3-BF4B-00C04F79EFBC}") = "ReflectionPaymentMethod", "ReflectionPaymentMethod.csproj", "{10FD75AE-7EDF-4B70-A7AA-9D12F4C06CAF}"
EndProject
Global
	GlobalSection(SolutionConfigurationPlatforms) = preSolution
		Debug|Any CPU = Debug|Any CPU
		Release|Any CPU = Release|Any CPU
	EndGlobalSection
	GlobalSection(ProjectConfigurationPlatforms) = postSolution
		{10FD75AE-7EDF-4B70-A7AA-9D12F4C06CAF}.Debug|Any CPU.ActiveCfg = Debug|Any CPU
		{10FD75AE-7EDF-4B70-A7AA-9D12F4C06CAF}.Debug|Any CPU.Build.0 = Debug|Any CPU
		{10FD75AE-7EDF-4B70-A7AA-9D12F4C06CAF}.Release|Any CPU.ActiveCfg = Release|Any CPU
		{10FD75AE-7EDF-4B70-A7AA-9D12F4C06CAF}.Release|Any CPU.Build.0 = Release|Any CPU
	EndGlobalSection
	GlobalSection(SolutionProperties) = preSolution
		HideSolutionNode = FALSE
	EndGlobalSection
	GlobalSection(ExtensibilityGlobals) = postSolution
		SolutionGuid = {A56D5263-4083-43EE-A739-1755E9543594}
	EndGlobalSection
EndGlobal
